{
  "name": "solid-app-router",
  "version": "0.0.15",
  "lockfileVersion": 1,
  "requires": true,
  "dependencies": {
    "@types/node": {
      "version": "14.14.10",
      "resolved": "https://registry.npmjs.org/@types/node/-/node-14.14.10.tgz",
      "integrity": "sha512-J32dgx2hw8vXrSbu4ZlVhn1Nm3GbeCFNw2FWL8S5QKucHGY0cyNwjdQdO+KMBZ4wpmC7KhLCiNsdk1RFRIYUQQ==",
      "dev": true
    },
    "solid-js": {
      "version": "0.22.0",
      "resolved": "https://registry.npmjs.org/solid-js/-/solid-js-0.22.0.tgz",
      "integrity": "sha512-r3D9dFshP5glu0T1XT/oxPqJcwy4fZCcPnfpYhTwgPJUE6/AIIT/XXfwKOsMTkmFKHS4UqckPRcNgfQpsjseJw==",
      "dev": true
    },
    "typescript": {
      "version": "4.1.2",
      "resolved": "https://registry.npmjs.org/typescript/-/typescript-4.1.2.tgz",
      "integrity": "sha512-thGloWsGH3SOxv1SoY7QojKi0tc+8FnOmiarEGMbd/lar7QOEd3hvlx3Fp5y6FlDUGl9L+pd4n2e+oToGMmhRQ==",
      "dev": true
    }
  }
}
